// !$*UTF8*$!
{
	archiveVersion = 1;
	classes = {
	};
	objectVersion = 56;
	objects = {

/* Begin PBXBuildFile section */
		F048A26C2B82F7A9008115FA /* YumemiTrainingTests.swift in Sources */ = {isa = PBXBuildFile; fileRef = F048A26B2B82F7A9008115FA /* YumemiTrainingTests.swift */; };
		F048A2822B82F99B008115FA /* ForecastViewModelTests.swift in Sources */ = {isa = PBXBuildFile; fileRef = F048A2812B82F99B008115FA /* ForecastViewModelTests.swift */; };
		F072BB4A2B7F09D400A8E86F /* YumemiTrainingApp.swift in Sources */ = {isa = PBXBuildFile; fileRef = F072BB492B7F09D400A8E86F /* YumemiTrainingApp.swift */; };
		F072BB4C2B7F09D400A8E86F /* ForecastView.swift in Sources */ = {isa = PBXBuildFile; fileRef = F072BB4B2B7F09D400A8E86F /* ForecastView.swift */; };
		F072BB4E2B7F09D500A8E86F /* Assets.xcassets in Resources */ = {isa = PBXBuildFile; fileRef = F072BB4D2B7F09D500A8E86F /* Assets.xcassets */; };
		F072BB512B7F09D500A8E86F /* Preview Assets.xcassets in Resources */ = {isa = PBXBuildFile; fileRef = F072BB502B7F09D500A8E86F /* Preview Assets.xcassets */; };
		F072BB592B7F0A8900A8E86F /* YumemiWeather in Frameworks */ = {isa = PBXBuildFile; productRef = F072BB582B7F0A8900A8E86F /* YumemiWeather */; };
		F072BB5B2B7F2B9600A8E86F /* ForecastViewModel.swift in Sources */ = {isa = PBXBuildFile; fileRef = F072BB5A2B7F2B9600A8E86F /* ForecastViewModel.swift */; };
		F072BB5D2B7F2C9300A8E86F /* WeatherCondition.swift in Sources */ = {isa = PBXBuildFile; fileRef = F072BB5C2B7F2C9300A8E86F /* WeatherCondition.swift */; };
		F072BB612B7F496500A8E86F /* View+.swift in Sources */ = {isa = PBXBuildFile; fileRef = F072BB602B7F496500A8E86F /* View+.swift */; };
		F072BB632B7F49F300A8E86F /* SizePreferenceKey.swift in Sources */ = {isa = PBXBuildFile; fileRef = F072BB622B7F49F300A8E86F /* SizePreferenceKey.swift */; };
		F072BB652B7F569200A8E86F /* Weather.swift in Sources */ = {isa = PBXBuildFile; fileRef = F072BB642B7F569200A8E86F /* Weather.swift */; };
		F0AEFC312B85E2270090F669 /* TemperatureView.swift in Sources */ = {isa = PBXBuildFile; fileRef = F0AEFC302B85E2270090F669 /* TemperatureView.swift */; };
		F072BB6B2B7F848600A8E86F /* NewView.swift in Sources */ = {isa = PBXBuildFile; fileRef = F072BB6A2B7F848600A8E86F /* NewView.swift */; };
		F0AEFBFE2B843AF90090F669 /* ViewInspector in Frameworks */ = {isa = PBXBuildFile; productRef = F0AEFBFD2B843AF90090F669 /* ViewInspector */; };
		F0AEFBFF2B843B080090F669 /* ForecastViewTests.swift in Sources */ = {isa = PBXBuildFile; fileRef = F048A2832B830282008115FA /* ForecastViewTests.swift */; };
/* End PBXBuildFile section */

/* Begin PBXContainerItemProxy section */
		F048A26D2B82F7A9008115FA /* PBXContainerItemProxy */ = {
			isa = PBXContainerItemProxy;
			containerPortal = F072BB3E2B7F09D400A8E86F /* Project object */;
			proxyType = 1;
			remoteGlobalIDString = F072BB452B7F09D400A8E86F;
			remoteInfo = YumemiTraining;
		};
/* End PBXContainerItemProxy section */

/* Begin PBXFileReference section */
		F048A2692B82F7A9008115FA /* YumemiTrainingTests.xctest */ = {isa = PBXFileReference; explicitFileType = wrapper.cfbundle; includeInIndex = 0; path = YumemiTrainingTests.xctest; sourceTree = BUILT_PRODUCTS_DIR; };
		F048A26B2B82F7A9008115FA /* YumemiTrainingTests.swift */ = {isa = PBXFileReference; lastKnownFileType = sourcecode.swift; path = YumemiTrainingTests.swift; sourceTree = "<group>"; };
		F048A2812B82F99B008115FA /* ForecastViewModelTests.swift */ = {isa = PBXFileReference; lastKnownFileType = sourcecode.swift; path = ForecastViewModelTests.swift; sourceTree = "<group>"; };
		F048A2832B830282008115FA /* ForecastViewTests.swift */ = {isa = PBXFileReference; lastKnownFileType = sourcecode.swift; path = ForecastViewTests.swift; sourceTree = "<group>"; };
		F072BB462B7F09D400A8E86F /* YumemiTraining.app */ = {isa = PBXFileReference; explicitFileType = wrapper.application; includeInIndex = 0; path = YumemiTraining.app; sourceTree = BUILT_PRODUCTS_DIR; };
		F072BB492B7F09D400A8E86F /* YumemiTrainingApp.swift */ = {isa = PBXFileReference; lastKnownFileType = sourcecode.swift; path = YumemiTrainingApp.swift; sourceTree = "<group>"; };
		F072BB4B2B7F09D400A8E86F /* ForecastView.swift */ = {isa = PBXFileReference; lastKnownFileType = sourcecode.swift; path = ForecastView.swift; sourceTree = "<group>"; };
		F072BB4D2B7F09D500A8E86F /* Assets.xcassets */ = {isa = PBXFileReference; lastKnownFileType = folder.assetcatalog; path = Assets.xcassets; sourceTree = "<group>"; };
		F072BB502B7F09D500A8E86F /* Preview Assets.xcassets */ = {isa = PBXFileReference; lastKnownFileType = folder.assetcatalog; path = "Preview Assets.xcassets"; sourceTree = "<group>"; };
		F072BB5A2B7F2B9600A8E86F /* ForecastViewModel.swift */ = {isa = PBXFileReference; lastKnownFileType = sourcecode.swift; path = ForecastViewModel.swift; sourceTree = "<group>"; };
		F072BB5C2B7F2C9300A8E86F /* WeatherCondition.swift */ = {isa = PBXFileReference; lastKnownFileType = sourcecode.swift; path = WeatherCondition.swift; sourceTree = "<group>"; };
		F072BB602B7F496500A8E86F /* View+.swift */ = {isa = PBXFileReference; lastKnownFileType = sourcecode.swift; path = "View+.swift"; sourceTree = "<group>"; };
		F072BB622B7F49F300A8E86F /* SizePreferenceKey.swift */ = {isa = PBXFileReference; lastKnownFileType = sourcecode.swift; path = SizePreferenceKey.swift; sourceTree = "<group>"; };
		F072BB642B7F569200A8E86F /* Weather.swift */ = {isa = PBXFileReference; lastKnownFileType = sourcecode.swift; path = Weather.swift; sourceTree = "<group>"; };
		F0AEFC302B85E2270090F669 /* TemperatureView.swift */ = {isa = PBXFileReference; lastKnownFileType = sourcecode.swift; path = TemperatureView.swift; sourceTree = "<group>"; };
		F072BB6A2B7F848600A8E86F /* NewView.swift */ = {isa = PBXFileReference; lastKnownFileType = sourcecode.swift; path = NewView.swift; sourceTree = "<group>"; };
/* End PBXFileReference section */

/* Begin PBXFrameworksBuildPhase section */
		F048A2662B82F7A9008115FA /* Frameworks */ = {
			isa = PBXFrameworksBuildPhase;
			buildActionMask = 2147483647;
			files = (
				F0AEFBFE2B843AF90090F669 /* ViewInspector in Frameworks */,
			);
			runOnlyForDeploymentPostprocessing = 0;
		};
		F072BB432B7F09D400A8E86F /* Frameworks */ = {
			isa = PBXFrameworksBuildPhase;
			buildActionMask = 2147483647;
			files = (
				F072BB592B7F0A8900A8E86F /* YumemiWeather in Frameworks */,
			);
			runOnlyForDeploymentPostprocessing = 0;
		};
/* End PBXFrameworksBuildPhase section */

/* Begin PBXGroup section */
		F048A26A2B82F7A9008115FA /* YumemiTrainingTests */ = {
			isa = PBXGroup;
			children = (
				F048A26B2B82F7A9008115FA /* YumemiTrainingTests.swift */,
				F048A2812B82F99B008115FA /* ForecastViewModelTests.swift */,
				F048A2832B830282008115FA /* ForecastViewTests.swift */,
			);
			path = YumemiTrainingTests;
			sourceTree = "<group>";
		};
		F072BB3D2B7F09D400A8E86F = {
			isa = PBXGroup;
			children = (
				F072BB482B7F09D400A8E86F /* YumemiTraining */,
				F048A26A2B82F7A9008115FA /* YumemiTrainingTests */,
				F072BB472B7F09D400A8E86F /* Products */,
			);
			sourceTree = "<group>";
		};
		F072BB472B7F09D400A8E86F /* Products */ = {
			isa = PBXGroup;
			children = (
				F072BB462B7F09D400A8E86F /* YumemiTraining.app */,
				F048A2692B82F7A9008115FA /* YumemiTrainingTests.xctest */,
			);
			name = Products;
			sourceTree = "<group>";
		};
		F072BB482B7F09D400A8E86F /* YumemiTraining */ = {
			isa = PBXGroup;
			children = (
				F072BB492B7F09D400A8E86F /* YumemiTrainingApp.swift */,
				F072BB6A2B7F848600A8E86F /* NewView.swift */,
				F072BB4B2B7F09D400A8E86F /* ForecastView.swift */,
				F0AEFC302B85E2270090F669 /* TemperatureView.swift */,
				F072BB602B7F496500A8E86F /* View+.swift */,
				F072BB622B7F49F300A8E86F /* SizePreferenceKey.swift */,
				F072BB5A2B7F2B9600A8E86F /* ForecastViewModel.swift */,
				F072BB642B7F569200A8E86F /* Weather.swift */,
				F072BB5C2B7F2C9300A8E86F /* WeatherCondition.swift */,
				F072BB4D2B7F09D500A8E86F /* Assets.xcassets */,
				F072BB4F2B7F09D500A8E86F /* Preview Content */,
			);
			path = YumemiTraining;
			sourceTree = "<group>";
		};
		F072BB4F2B7F09D500A8E86F /* Preview Content */ = {
			isa = PBXGroup;
			children = (
				F072BB502B7F09D500A8E86F /* Preview Assets.xcassets */,
			);
			path = "Preview Content";
			sourceTree = "<group>";
		};
/* End PBXGroup section */

/* Begin PBXNativeTarget section */
		F048A2682B82F7A9008115FA /* YumemiTrainingTests */ = {
			isa = PBXNativeTarget;
			buildConfigurationList = F048A2712B82F7A9008115FA /* Build configuration list for PBXNativeTarget "YumemiTrainingTests" */;
			buildPhases = (
				F048A2652B82F7A9008115FA /* Sources */,
				F048A2662B82F7A9008115FA /* Frameworks */,
				F048A2672B82F7A9008115FA /* Resources */,
			);
			buildRules = (
			);
			dependencies = (
				F048A26E2B82F7A9008115FA /* PBXTargetDependency */,
			);
			name = YumemiTrainingTests;
			packageProductDependencies = (
				F0AEFBFD2B843AF90090F669 /* ViewInspector */,
			);
			productName = YumemiTrainingTests;
			productReference = F048A2692B82F7A9008115FA /* YumemiTrainingTests.xctest */;
			productType = "com.apple.product-type.bundle.unit-test";
		};
		F072BB452B7F09D400A8E86F /* YumemiTraining */ = {
			isa = PBXNativeTarget;
			buildConfigurationList = F072BB542B7F09D500A8E86F /* Build configuration list for PBXNativeTarget "YumemiTraining" */;
			buildPhases = (
				F072BB422B7F09D400A8E86F /* Sources */,
				F072BB432B7F09D400A8E86F /* Frameworks */,
				F072BB442B7F09D400A8E86F /* Resources */,
			);
			buildRules = (
			);
			dependencies = (
			);
			name = YumemiTraining;
			packageProductDependencies = (
				F072BB582B7F0A8900A8E86F /* YumemiWeather */,
			);
			productName = YumemiTraining;
			productReference = F072BB462B7F09D400A8E86F /* YumemiTraining.app */;
			productType = "com.apple.product-type.application";
		};
/* End PBXNativeTarget section */

/* Begin PBXProject section */
		F072BB3E2B7F09D400A8E86F /* Project object */ = {
			isa = PBXProject;
			attributes = {
				BuildIndependentTargetsInParallel = 1;
				LastSwiftUpdateCheck = 1520;
				LastUpgradeCheck = 1520;
				TargetAttributes = {
					F048A2682B82F7A9008115FA = {
						CreatedOnToolsVersion = 15.2;
						TestTargetID = F072BB452B7F09D400A8E86F;
					};
					F072BB452B7F09D400A8E86F = {
						CreatedOnToolsVersion = 15.2;
					};
				};
			};
			buildConfigurationList = F072BB412B7F09D400A8E86F /* Build configuration list for PBXProject "YumemiTraining" */;
			compatibilityVersion = "Xcode 14.0";
			developmentRegion = en;
			hasScannedForEncodings = 0;
			knownRegions = (
				en,
				Base,
			);
			mainGroup = F072BB3D2B7F09D400A8E86F;
			packageReferences = (
				F072BB572B7F0A8900A8E86F /* XCRemoteSwiftPackageReference "ios-training" */,
				F0AEFBFC2B843AF80090F669 /* XCRemoteSwiftPackageReference "ViewInspector" */,
			);
			productRefGroup = F072BB472B7F09D400A8E86F /* Products */;
			projectDirPath = "";
			projectRoot = "";
			targets = (
				F072BB452B7F09D400A8E86F /* YumemiTraining */,
				F048A2682B82F7A9008115FA /* YumemiTrainingTests */,
			);
		};
/* End PBXProject section */

/* Begin PBXResourcesBuildPhase section */
		F048A2672B82F7A9008115FA /* Resources */ = {
			isa = PBXResourcesBuildPhase;
			buildActionMask = 2147483647;
			files = (
			);
			runOnlyForDeploymentPostprocessing = 0;
		};
		F072BB442B7F09D400A8E86F /* Resources */ = {
			isa = PBXResourcesBuildPhase;
			buildActionMask = 2147483647;
			files = (
				F072BB512B7F09D500A8E86F /* Preview Assets.xcassets in Resources */,
				F072BB4E2B7F09D500A8E86F /* Assets.xcassets in Resources */,
			);
			runOnlyForDeploymentPostprocessing = 0;
		};
/* End PBXResourcesBuildPhase section */

/* Begin PBXSourcesBuildPhase section */
		F048A2652B82F7A9008115FA /* Sources */ = {
			isa = PBXSourcesBuildPhase;
			buildActionMask = 2147483647;
			files = (
				F0AEFBFF2B843B080090F669 /* ForecastViewTests.swift in Sources */,
				F048A26C2B82F7A9008115FA /* YumemiTrainingTests.swift in Sources */,
				F048A2822B82F99B008115FA /* ForecastViewModelTests.swift in Sources */,
			);
			runOnlyForDeploymentPostprocessing = 0;
		};
		F072BB422B7F09D400A8E86F /* Sources */ = {
			isa = PBXSourcesBuildPhase;
			buildActionMask = 2147483647;
			files = (
				F072BB612B7F496500A8E86F /* View+.swift in Sources */,
				F072BB5D2B7F2C9300A8E86F /* WeatherCondition.swift in Sources */,
				F072BB5B2B7F2B9600A8E86F /* ForecastViewModel.swift in Sources */,
				F072BB4C2B7F09D400A8E86F /* ForecastView.swift in Sources */,
				F072BB6B2B7F848600A8E86F /* NewView.swift in Sources */,
				F072BB4A2B7F09D400A8E86F /* YumemiTrainingApp.swift in Sources */,
				F0AEFC312B85E2270090F669 /* TemperatureView.swift in Sources */,
				F072BB632B7F49F300A8E86F /* SizePreferenceKey.swift in Sources */,
				F072BB652B7F569200A8E86F /* Weather.swift in Sources */,
			);
			runOnlyForDeploymentPostprocessing = 0;
		};
/* End PBXSourcesBuildPhase section */

/* Begin PBXTargetDependency section */
		F048A26E2B82F7A9008115FA /* PBXTargetDependency */ = {
			isa = PBXTargetDependency;
			target = F072BB452B7F09D400A8E86F /* YumemiTraining */;
			targetProxy = F048A26D2B82F7A9008115FA /* PBXContainerItemProxy */;
		};
/* End PBXTargetDependency section */

/* Begin XCBuildConfiguration section */
		F048A26F2B82F7A9008115FA /* Debug */ = {
			isa = XCBuildConfiguration;
			buildSettings = {
				BUNDLE_LOADER = "$(TEST_HOST)";
				CODE_SIGN_STYLE = Automatic;
				CURRENT_PROJECT_VERSION = 1;
				DEVELOPMENT_TEAM = 4YP7SQBLYV;
				GENERATE_INFOPLIST_FILE = YES;
				MARKETING_VERSION = 1.0;
				PRODUCT_BUNDLE_IDENTIFIER = com.kantacky.YumemiTrainingTests;
				PRODUCT_NAME = "$(TARGET_NAME)";
				SWIFT_EMIT_LOC_STRINGS = NO;
				SWIFT_VERSION = 5.0;
				TARGETED_DEVICE_FAMILY = "1,2";
				TEST_HOST = "$(BUILT_PRODUCTS_DIR)/YumemiTraining.app/$(BUNDLE_EXECUTABLE_FOLDER_PATH)/YumemiTraining";
			};
			name = Debug;
		};
		F048A2702B82F7A9008115FA /* Release */ = {
			isa = XCBuildConfiguration;
			buildSettings = {
				BUNDLE_LOADER = "$(TEST_HOST)";
				CODE_SIGN_STYLE = Automatic;
				CURRENT_PROJECT_VERSION = 1;
				DEVELOPMENT_TEAM = 4YP7SQBLYV;
				GENERATE_INFOPLIST_FILE = YES;
				MARKETING_VERSION = 1.0;
				PRODUCT_BUNDLE_IDENTIFIER = com.kantacky.YumemiTrainingTests;
				PRODUCT_NAME = "$(TARGET_NAME)";
				SWIFT_EMIT_LOC_STRINGS = NO;
				SWIFT_VERSION = 5.0;
				TARGETED_DEVICE_FAMILY = "1,2";
				TEST_HOST = "$(BUILT_PRODUCTS_DIR)/YumemiTraining.app/$(BUNDLE_EXECUTABLE_FOLDER_PATH)/YumemiTraining";
			};
			name = Release;
		};
		F072BB522B7F09D500A8E86F /* Debug */ = {
			isa = XCBuildConfiguration;
			buildSettings = {
				ALWAYS_SEARCH_USER_PATHS = NO;
				ASSETCATALOG_COMPILER_GENERATE_SWIFT_ASSET_SYMBOL_EXTENSIONS = YES;
				CLANG_ANALYZER_NONNULL = YES;
				CLANG_ANALYZER_NUMBER_OBJECT_CONVERSION = YES_AGGRESSIVE;
				CLANG_CXX_LANGUAGE_STANDARD = "gnu++20";
				CLANG_ENABLE_MODULES = YES;
				CLANG_ENABLE_OBJC_ARC = YES;
				CLANG_ENABLE_OBJC_WEAK = YES;
				CLANG_WARN_BLOCK_CAPTURE_AUTORELEASING = YES;
				CLANG_WARN_BOOL_CONVERSION = YES;
				CLANG_WARN_COMMA = YES;
				CLANG_WARN_CONSTANT_CONVERSION = YES;
				CLANG_WARN_DEPRECATED_OBJC_IMPLEMENTATIONS = YES;
				CLANG_WARN_DIRECT_OBJC_ISA_USAGE = YES_ERROR;
				CLANG_WARN_DOCUMENTATION_COMMENTS = YES;
				CLANG_WARN_EMPTY_BODY = YES;
				CLANG_WARN_ENUM_CONVERSION = YES;
				CLANG_WARN_INFINITE_RECURSION = YES;
				CLANG_WARN_INT_CONVERSION = YES;
				CLANG_WARN_NON_LITERAL_NULL_CONVERSION = YES;
				CLANG_WARN_OBJC_IMPLICIT_RETAIN_SELF = YES;
				CLANG_WARN_OBJC_LITERAL_CONVERSION = YES;
				CLANG_WARN_OBJC_ROOT_CLASS = YES_ERROR;
				CLANG_WARN_QUOTED_INCLUDE_IN_FRAMEWORK_HEADER = YES;
				CLANG_WARN_RANGE_LOOP_ANALYSIS = YES;
				CLANG_WARN_STRICT_PROTOTYPES = YES;
				CLANG_WARN_SUSPICIOUS_MOVE = YES;
				CLANG_WARN_UNGUARDED_AVAILABILITY = YES_AGGRESSIVE;
				CLANG_WARN_UNREACHABLE_CODE = YES;
				CLANG_WARN__DUPLICATE_METHOD_MATCH = YES;
				COPY_PHASE_STRIP = NO;
				DEBUG_INFORMATION_FORMAT = dwarf;
				ENABLE_STRICT_OBJC_MSGSEND = YES;
				ENABLE_TESTABILITY = YES;
				ENABLE_USER_SCRIPT_SANDBOXING = YES;
				GCC_C_LANGUAGE_STANDARD = gnu17;
				GCC_DYNAMIC_NO_PIC = NO;
				GCC_NO_COMMON_BLOCKS = YES;
				GCC_OPTIMIZATION_LEVEL = 0;
				GCC_PREPROCESSOR_DEFINITIONS = (
					"DEBUG=1",
					"$(inherited)",
				);
				GCC_WARN_64_TO_32_BIT_CONVERSION = YES;
				GCC_WARN_ABOUT_RETURN_TYPE = YES_ERROR;
				GCC_WARN_UNDECLARED_SELECTOR = YES;
				GCC_WARN_UNINITIALIZED_AUTOS = YES_AGGRESSIVE;
				GCC_WARN_UNUSED_FUNCTION = YES;
				GCC_WARN_UNUSED_VARIABLE = YES;
				IPHONEOS_DEPLOYMENT_TARGET = 17.2;
				LOCALIZATION_PREFERS_STRING_CATALOGS = YES;
				MTL_ENABLE_DEBUG_INFO = INCLUDE_SOURCE;
				MTL_FAST_MATH = YES;
				ONLY_ACTIVE_ARCH = YES;
				SDKROOT = iphoneos;
				SWIFT_ACTIVE_COMPILATION_CONDITIONS = "DEBUG $(inherited)";
				SWIFT_OPTIMIZATION_LEVEL = "-Onone";
			};
			name = Debug;
		};
		F072BB532B7F09D500A8E86F /* Release */ = {
			isa = XCBuildConfiguration;
			buildSettings = {
				ALWAYS_SEARCH_USER_PATHS = NO;
				ASSETCATALOG_COMPILER_GENERATE_SWIFT_ASSET_SYMBOL_EXTENSIONS = YES;
				CLANG_ANALYZER_NONNULL = YES;
				CLANG_ANALYZER_NUMBER_OBJECT_CONVERSION = YES_AGGRESSIVE;
				CLANG_CXX_LANGUAGE_STANDARD = "gnu++20";
				CLANG_ENABLE_MODULES = YES;
				CLANG_ENABLE_OBJC_ARC = YES;
				CLANG_ENABLE_OBJC_WEAK = YES;
				CLANG_WARN_BLOCK_CAPTURE_AUTORELEASING = YES;
				CLANG_WARN_BOOL_CONVERSION = YES;
				CLANG_WARN_COMMA = YES;
				CLANG_WARN_CONSTANT_CONVERSION = YES;
				CLANG_WARN_DEPRECATED_OBJC_IMPLEMENTATIONS = YES;
				CLANG_WARN_DIRECT_OBJC_ISA_USAGE = YES_ERROR;
				CLANG_WARN_DOCUMENTATION_COMMENTS = YES;
				CLANG_WARN_EMPTY_BODY = YES;
				CLANG_WARN_ENUM_CONVERSION = YES;
				CLANG_WARN_INFINITE_RECURSION = YES;
				CLANG_WARN_INT_CONVERSION = YES;
				CLANG_WARN_NON_LITERAL_NULL_CONVERSION = YES;
				CLANG_WARN_OBJC_IMPLICIT_RETAIN_SELF = YES;
				CLANG_WARN_OBJC_LITERAL_CONVERSION = YES;
				CLANG_WARN_OBJC_ROOT_CLASS = YES_ERROR;
				CLANG_WARN_QUOTED_INCLUDE_IN_FRAMEWORK_HEADER = YES;
				CLANG_WARN_RANGE_LOOP_ANALYSIS = YES;
				CLANG_WARN_STRICT_PROTOTYPES = YES;
				CLANG_WARN_SUSPICIOUS_MOVE = YES;
				CLANG_WARN_UNGUARDED_AVAILABILITY = YES_AGGRESSIVE;
				CLANG_WARN_UNREACHABLE_CODE = YES;
				CLANG_WARN__DUPLICATE_METHOD_MATCH = YES;
				COPY_PHASE_STRIP = NO;
				DEBUG_INFORMATION_FORMAT = "dwarf-with-dsym";
				ENABLE_NS_ASSERTIONS = NO;
				ENABLE_STRICT_OBJC_MSGSEND = YES;
				ENABLE_USER_SCRIPT_SANDBOXING = YES;
				GCC_C_LANGUAGE_STANDARD = gnu17;
				GCC_NO_COMMON_BLOCKS = YES;
				GCC_WARN_64_TO_32_BIT_CONVERSION = YES;
				GCC_WARN_ABOUT_RETURN_TYPE = YES_ERROR;
				GCC_WARN_UNDECLARED_SELECTOR = YES;
				GCC_WARN_UNINITIALIZED_AUTOS = YES_AGGRESSIVE;
				GCC_WARN_UNUSED_FUNCTION = YES;
				GCC_WARN_UNUSED_VARIABLE = YES;
				IPHONEOS_DEPLOYMENT_TARGET = 17.2;
				LOCALIZATION_PREFERS_STRING_CATALOGS = YES;
				MTL_ENABLE_DEBUG_INFO = NO;
				MTL_FAST_MATH = YES;
				SDKROOT = iphoneos;
				SWIFT_COMPILATION_MODE = wholemodule;
				VALIDATE_PRODUCT = YES;
			};
			name = Release;
		};
		F072BB552B7F09D500A8E86F /* Debug */ = {
			isa = XCBuildConfiguration;
			buildSettings = {
				ASSETCATALOG_COMPILER_APPICON_NAME = AppIcon;
				ASSETCATALOG_COMPILER_GLOBAL_ACCENT_COLOR_NAME = AccentColor;
				CODE_SIGN_STYLE = Automatic;
				CURRENT_PROJECT_VERSION = 1;
				DEVELOPMENT_ASSET_PATHS = "\"YumemiTraining/Preview Content\"";
				DEVELOPMENT_TEAM = 4YP7SQBLYV;
				ENABLE_PREVIEWS = YES;
				GENERATE_INFOPLIST_FILE = YES;
				INFOPLIST_KEY_UIApplicationSceneManifest_Generation = YES;
				INFOPLIST_KEY_UIApplicationSupportsIndirectInputEvents = YES;
				INFOPLIST_KEY_UILaunchScreen_Generation = YES;
				INFOPLIST_KEY_UISupportedInterfaceOrientations_iPad = "UIInterfaceOrientationPortrait UIInterfaceOrientationPortraitUpsideDown UIInterfaceOrientationLandscapeLeft UIInterfaceOrientationLandscapeRight";
				INFOPLIST_KEY_UISupportedInterfaceOrientations_iPhone = "UIInterfaceOrientationPortrait UIInterfaceOrientationLandscapeLeft UIInterfaceOrientationLandscapeRight";
				LD_RUNPATH_SEARCH_PATHS = (
					"$(inherited)",
					"@executable_path/Frameworks",
				);
				MARKETING_VERSION = 1.0;
				PRODUCT_BUNDLE_IDENTIFIER = com.kantacky.YumemiTraining;
				PRODUCT_NAME = "$(TARGET_NAME)";
				SWIFT_EMIT_LOC_STRINGS = YES;
				SWIFT_VERSION = 5.0;
				TARGETED_DEVICE_FAMILY = "1,2";
			};
			name = Debug;
		};
		F072BB562B7F09D500A8E86F /* Release */ = {
			isa = XCBuildConfiguration;
			buildSettings = {
				ASSETCATALOG_COMPILER_APPICON_NAME = AppIcon;
				ASSETCATALOG_COMPILER_GLOBAL_ACCENT_COLOR_NAME = AccentColor;
				CODE_SIGN_STYLE = Automatic;
				CURRENT_PROJECT_VERSION = 1;
				DEVELOPMENT_ASSET_PATHS = "\"YumemiTraining/Preview Content\"";
				DEVELOPMENT_TEAM = 4YP7SQBLYV;
				ENABLE_PREVIEWS = YES;
				GENERATE_INFOPLIST_FILE = YES;
				INFOPLIST_KEY_UIApplicationSceneManifest_Generation = YES;
				INFOPLIST_KEY_UIApplicationSupportsIndirectInputEvents = YES;
				INFOPLIST_KEY_UILaunchScreen_Generation = YES;
				INFOPLIST_KEY_UISupportedInterfaceOrientations_iPad = "UIInterfaceOrientationPortrait UIInterfaceOrientationPortraitUpsideDown UIInterfaceOrientationLandscapeLeft UIInterfaceOrientationLandscapeRight";
				INFOPLIST_KEY_UISupportedInterfaceOrientations_iPhone = "UIInterfaceOrientationPortrait UIInterfaceOrientationLandscapeLeft UIInterfaceOrientationLandscapeRight";
				LD_RUNPATH_SEARCH_PATHS = (
					"$(inherited)",
					"@executable_path/Frameworks",
				);
				MARKETING_VERSION = 1.0;
				PRODUCT_BUNDLE_IDENTIFIER = com.kantacky.YumemiTraining;
				PRODUCT_NAME = "$(TARGET_NAME)";
				SWIFT_EMIT_LOC_STRINGS = YES;
				SWIFT_VERSION = 5.0;
				TARGETED_DEVICE_FAMILY = "1,2";
			};
			name = Release;
		};
/* End XCBuildConfiguration section */

/* Begin XCConfigurationList section */
		F048A2712B82F7A9008115FA /* Build configuration list for PBXNativeTarget "YumemiTrainingTests" */ = {
			isa = XCConfigurationList;
			buildConfigurations = (
				F048A26F2B82F7A9008115FA /* Debug */,
				F048A2702B82F7A9008115FA /* Release */,
			);
			defaultConfigurationIsVisible = 0;
			defaultConfigurationName = Release;
		};
		F072BB412B7F09D400A8E86F /* Build configuration list for PBXProject "YumemiTraining" */ = {
			isa = XCConfigurationList;
			buildConfigurations = (
				F072BB522B7F09D500A8E86F /* Debug */,
				F072BB532B7F09D500A8E86F /* Release */,
			);
			defaultConfigurationIsVisible = 0;
			defaultConfigurationName = Release;
		};
		F072BB542B7F09D500A8E86F /* Build configuration list for PBXNativeTarget "YumemiTraining" */ = {
			isa = XCConfigurationList;
			buildConfigurations = (
				F072BB552B7F09D500A8E86F /* Debug */,
				F072BB562B7F09D500A8E86F /* Release */,
			);
			defaultConfigurationIsVisible = 0;
			defaultConfigurationName = Release;
		};
/* End XCConfigurationList section */

/* Begin XCRemoteSwiftPackageReference section */
		F072BB572B7F0A8900A8E86F /* XCRemoteSwiftPackageReference "ios-training" */ = {
			isa = XCRemoteSwiftPackageReference;
			repositoryURL = "https://github.com/yumemi-inc/ios-training.git";
			requirement = {
				branch = main;
				kind = branch;
			};
		};
		F0AEFBFC2B843AF80090F669 /* XCRemoteSwiftPackageReference "ViewInspector" */ = {
			isa = XCRemoteSwiftPackageReference;
			repositoryURL = "https://github.com/nalexn/ViewInspector";
			requirement = {
				kind = upToNextMajorVersion;
				minimumVersion = 0.9.10;
			};
		};
/* End XCRemoteSwiftPackageReference section */

/* Begin XCSwiftPackageProductDependency section */
		F072BB582B7F0A8900A8E86F /* YumemiWeather */ = {
			isa = XCSwiftPackageProductDependency;
			package = F072BB572B7F0A8900A8E86F /* XCRemoteSwiftPackageReference "ios-training" */;
			productName = YumemiWeather;
		};
		F0AEFBFD2B843AF90090F669 /* ViewInspector */ = {
			isa = XCSwiftPackageProductDependency;
			package = F0AEFBFC2B843AF80090F669 /* XCRemoteSwiftPackageReference "ViewInspector" */;
			productName = ViewInspector;
		};
/* End XCSwiftPackageProductDependency section */
	};
	rootObject = F072BB3E2B7F09D400A8E86F /* Project object */;
}
